
Microsoft Visual Studio Solution File, Format Version 12.00
Project("{FAE04EC0-301F-11D3-BF4B-00C04F79EFBC}") = "Covid.NET", "Covid.NET\Covid.NET.csproj", "{8124E4B3-D787-49A9-8723-1BEE80A18D07}"
EndProject
Project("{FAE04EC0-301F-11D3-BF4B-00C04F79EFBC}") = "Covid.NET.Tests", "Covid.NET.Tests\Covid.NET.Tests.csproj", "{06102329-5171-41C0-BC73-B4B2B6440E1C}"
EndProject
Project("{FAE04EC0-301F-11D3-BF4B-00C04F79EFBC}") = "Covid.NET.Examples", "Covid.NET.Examples\Covid.NET.Examples.csproj", "{6C46E984-46E7-4CBF-80CF-20D7366D7A25}"
EndProject
Global
	GlobalSection(SolutionConfigurationPlatforms) = preSolution
		Debug|Any CPU = Debug|Any CPU
		Release|Any CPU = Release|Any CPU
	EndGlobalSection
	GlobalSection(ProjectConfigurationPlatforms) = postSolution
		{8124E4B3-D787-49A9-8723-1BEE80A18D07}.Debug|Any CPU.ActiveCfg = Debug|Any CPU
		{8124E4B3-D787-49A9-8723-1BEE80A18D07}.Debug|Any CPU.Build.0 = Debug|Any CPU
		{8124E4B3-D787-49A9-8723-1BEE80A18D07}.Release|Any CPU.ActiveCfg = Release|Any CPU
		{8124E4B3-D787-49A9-8723-1BEE80A18D07}.Release|Any CPU.Build.0 = Release|Any CPU
		{06102329-5171-41C0-BC73-B4B2B6440E1C}.Debug|Any CPU.ActiveCfg = Debug|Any CPU
		{06102329-5171-41C0-BC73-B4B2B6440E1C}.Debug|Any CPU.Build.0 = Debug|Any CPU
		{06102329-5171-41C0-BC73-B4B2B6440E1C}.Release|Any CPU.ActiveCfg = Release|Any CPU
		{06102329-5171-41C0-BC73-B4B2B6440E1C}.Release|Any CPU.Build.0 = Release|Any CPU
		{6C46E984-46E7-4CBF-80CF-20D7366D7A25}.Debug|Any CPU.ActiveCfg = Debug|Any CPU
		{6C46E984-46E7-4CBF-80CF-20D7366D7A25}.Debug|Any CPU.Build.0 = Debug|Any CPU
		{6C46E984-46E7-4CBF-80CF-20D7366D7A25}.Release|Any CPU.ActiveCfg = Release|Any CPU
		{6C46E984-46E7-4CBF-80CF-20D7366D7A25}.Release|Any CPU.Build.0 = Release|Any CPU
	EndGlobalSection
EndGlobal
